lockfileVersion: '9.0'

settings:
  autoInstallPeers: true
  excludeLinksFromLockfile: false

importers:

  .:
    devDependencies:
      playwright-core:
        specifier: 1.61.1
        version: 1.61.1

  packages/tailwind-preset:
    dependencies:
      '@autional-cn/tokens':
        specifier: workspace:*
        version: link:../tokens
      tailwindcss:
        specifier: '>=3.0.0'
        version: 4.3.3

  packages/tokens: {}

packages:

  playwright-core@1.61.1:
    resolution: {integrity: sha512-h7Qlt6m4REp25qvIdvbDtVmD4LqVXfpRxhORv9L0jzETM05p4fuPJ3dKyuSXQxDSbXnmS79HAgi9589lGSpLkg==}
    engines: {node: '>=18'}
    hasBin: true

  tailwindcss@4.3.3:
    resolution: {integrity: sha512-gOhV3P7ufE62QDGg1zVaTgCR+EtPv92k2nIhVcVKcLmxT1sUBsQGhnZj175j+MqRt4zLF7ic+sCYjfhxMxj7YQ==}

snapshots:

  playwright-core@1.61.1: {}

  tailwindcss@4.3.3: {}
